id: ax25_aprs2inet
label: aprs2inet
category: '[DL1KSV]/ax25'
templates:
  imports: import ax25
  make: ax25.aprs2inet(${sample_rate}, ${debug_level})
parameters:
- id: sample_rate
  label: Sample_rate
  dtype: int
- id: debug_level
  label: Debug_level
  dtype: int
inputs:
- label: in
  domain: stream
  dtype: float
outputs:
- label: out
  domain: stream
  dtype: byte
file_format: 1
